
Microsoft Visual Studio Solution File, Format Version 12.00
# Visual Studio Version 17
VisualStudioVersion = 17.9.34701.34
MinimumVisualStudioVersion = 10.0.40219.1
Project("{9A19103F-16F7-4668-BE54-9A1E7A4F7556}") = "ST10393673_CLDV6212_POE", "ST10393673_CLDV6212_POE.csproj", "{D9BEA5F8-81FC-4AD2-897A-BDC63A1F00E3}"
EndProject
Project("{FAE04EC0-301F-11D3-BF4B-00C04F79EFBC}") = "ST10393673_CLDV6212_POE_Functions", "..\ST10393673_CLDV6212_POE_Functions\ST10393673_CLDV6212_POE_Functions.csproj", "{456085D9-1907-45BA-8C48-8C7DA970C4FE}"
EndProject
Global
	GlobalSection(SolutionConfigurationPlatforms) = preSolution
		Debug|Any CPU = Debug|Any CPU
		Release|Any CPU = Release|Any CPU
	EndGlobalSection
	GlobalSection(ProjectConfigurationPlatforms) = postSolution
		{D9BEA5F8-81FC-4AD2-897A-BDC63A1F00E3}.Debug|Any CPU.ActiveCfg = Debug|Any CPU
		{D9BEA5F8-81FC-4AD2-897A-BDC63A1F00E3}.Debug|Any CPU.Build.0 = Debug|Any CPU
		{D9BEA5F8-81FC-4AD2-897A-BDC63A1F00E3}.Release|Any CPU.ActiveCfg = Release|Any CPU
		{D9BEA5F8-81FC-4AD2-897A-BDC63A1F00E3}.Release|Any CPU.Build.0 = Release|Any CPU
		{456085D9-1907-45BA-8C48-8C7DA970C4FE}.Debug|Any CPU.ActiveCfg = Debug|Any CPU
		{456085D9-1907-45BA-8C48-8C7DA970C4FE}.Debug|Any CPU.Build.0 = Debug|Any CPU
		{456085D9-1907-45BA-8C48-8C7DA970C4FE}.Release|Any CPU.ActiveCfg = Release|Any CPU
		{456085D9-1907-45BA-8C48-8C7DA970C4FE}.Release|Any CPU.Build.0 = Release|Any CPU
	EndGlobalSection
	GlobalSection(SolutionProperties) = preSolution
		HideSolutionNode = FALSE
	EndGlobalSection
	GlobalSection(ExtensibilityGlobals) = postSolution
		SolutionGuid = {7DA93574-D988-4119-993A-6CA556D9B616}
	EndGlobalSection
EndGlobal
